
Microsoft Visual Studio Solution File, Format Version 12.00
#
Project("{FAE04EC0-301F-11D3-BF4B-00C04F79EFBC}") = "Leisure", "Leisure\Leisure.csproj", "{E550C3F8-891B-46E3-AA0D-9C928EF34093}"
EndProject
Project("{FAE04EC0-301F-11D3-BF4B-00C04F79EFBC}") = "Leisure.Api", "Leisure.Api\Leisure.Api.csproj", "{3882650A-E1DA-4EBC-851C-9C4FA9BF1C93}"
EndProject
Project("{FAE04EC0-301F-11D3-BF4B-00C04F79EFBC}") = "DemoGame", "DemoGame\DemoGame.csproj", "{1AD442EC-D937-4517-A193-E2BFD8428E8A}"
EndProject
Global
	GlobalSection(SolutionConfigurationPlatforms) = preSolution
		Debug|Any CPU = Debug|Any CPU
		Release|Any CPU = Release|Any CPU
	EndGlobalSection
	GlobalSection(ProjectConfigurationPlatforms) = postSolution
		{E550C3F8-891B-46E3-AA0D-9C928EF34093}.Debug|Any CPU.ActiveCfg = Debug|Any CPU
		{E550C3F8-891B-46E3-AA0D-9C928EF34093}.Debug|Any CPU.Build.0 = Debug|Any CPU
		{E550C3F8-891B-46E3-AA0D-9C928EF34093}.Release|Any CPU.ActiveCfg = Release|Any CPU
		{E550C3F8-891B-46E3-AA0D-9C928EF34093}.Release|Any CPU.Build.0 = Release|Any CPU
		{3882650A-E1DA-4EBC-851C-9C4FA9BF1C93}.Debug|Any CPU.ActiveCfg = Debug|Any CPU
		{3882650A-E1DA-4EBC-851C-9C4FA9BF1C93}.Debug|Any CPU.Build.0 = Debug|Any CPU
		{3882650A-E1DA-4EBC-851C-9C4FA9BF1C93}.Release|Any CPU.ActiveCfg = Release|Any CPU
		{3882650A-E1DA-4EBC-851C-9C4FA9BF1C93}.Release|Any CPU.Build.0 = Release|Any CPU
		{1AD442EC-D937-4517-A193-E2BFD8428E8A}.Debug|Any CPU.ActiveCfg = Debug|Any CPU
		{1AD442EC-D937-4517-A193-E2BFD8428E8A}.Debug|Any CPU.Build.0 = Debug|Any CPU
		{1AD442EC-D937-4517-A193-E2BFD8428E8A}.Release|Any CPU.ActiveCfg = Release|Any CPU
		{1AD442EC-D937-4517-A193-E2BFD8428E8A}.Release|Any CPU.Build.0 = Release|Any CPU
	EndGlobalSection
EndGlobal
